// !$*UTF8*$!
{
	archiveVersion = 1;
	classes = {
	};
	objectVersion = 56;
	objects = {

/* Begin PBXBuildFile section */
		801B83A22DDA58E30009F2DB /* CarouselItemView.swift in Sources */ = {isa = PBXBuildFile; fileRef = 801B83A12DDA58E30009F2DB /* CarouselItemView.swift */; };
		801B83A42DDA5A440009F2DB /* CarouselTabView.swift in Sources */ = {isa = PBXBuildFile; fileRef = 801B83A32DDA5A440009F2DB /* CarouselTabView.swift */; };
		801B83A72DDA5E390009F2DB /* StoreItemView.swift in Sources */ = {isa = PBXBuildFile; fileRef = 801B83A62DDA5E390009F2DB /* StoreItemView.swift */; };
		801B83A92DDA5FD50009F2DB /* StoresContainerView.swift in Sources */ = {isa = PBXBuildFile; fileRef = 801B83A82DDA5FD50009F2DB /* StoresContainerView.swift */; };
		80C4167A2DC9430100BA145B /* ChefDeliveryApp.swift in Sources */ = {isa = PBXBuildFile; fileRef = 80C416792DC9430100BA145B /* ChefDeliveryApp.swift */; };
		80C4167C2DC9430100BA145B /* ContentView.swift in Sources */ = {isa = PBXBuildFile; fileRef = 80C4167B2DC9430100BA145B /* ContentView.swift */; };
		80C4167E2DC9430300BA145B /* Assets.xcassets in Resources */ = {isa = PBXBuildFile; fileRef = 80C4167D2DC9430300BA145B /* Assets.xcassets */; };
		80C416812DC9430300BA145B /* Preview Assets.xcassets in Resources */ = {isa = PBXBuildFile; fileRef = 80C416802DC9430300BA145B /* Preview Assets.xcassets */; };
		80C4168B2DC9430300BA145B /* ChefDeliveryTests.swift in Sources */ = {isa = PBXBuildFile; fileRef = 80C4168A2DC9430300BA145B /* ChefDeliveryTests.swift */; };
		80C416952DC9430300BA145B /* ChefDeliveryUITests.swift in Sources */ = {isa = PBXBuildFile; fileRef = 80C416942DC9430300BA145B /* ChefDeliveryUITests.swift */; };
		80C416972DC9430300BA145B /* ChefDeliveryUITestsLaunchTests.swift in Sources */ = {isa = PBXBuildFile; fileRef = 80C416962DC9430300BA145B /* ChefDeliveryUITestsLaunchTests.swift */; };
		80C416A62DC9466F00BA145B /* NavigationBar.swift in Sources */ = {isa = PBXBuildFile; fileRef = 80C416A52DC9466F00BA145B /* NavigationBar.swift */; };
		80C416A92DC952AA00BA145B /* OrderTypeGridView.swift in Sources */ = {isa = PBXBuildFile; fileRef = 80C416A82DC952AA00BA145B /* OrderTypeGridView.swift */; };
		80C416AC2DCAE86F00BA145B /* OrderType.swift in Sources */ = {isa = PBXBuildFile; fileRef = 80C416AB2DCAE86F00BA145B /* OrderType.swift */; };
		80C416AE2DCAE8E200BA145B /* DataSourceMock.swift in Sources */ = {isa = PBXBuildFile; fileRef = 80C416AD2DCAE8E200BA145B /* DataSourceMock.swift */; };
		80C416B02DCAF3A700BA145B /* OrderTypeView.swift in Sources */ = {isa = PBXBuildFile; fileRef = 80C416AF2DCAF3A700BA145B /* OrderTypeView.swift */; };
/* End PBXBuildFile section */

/* Begin PBXContainerItemProxy section */
		80C416872DC9430300BA145B /* PBXContainerItemProxy */ = {
			isa = PBXContainerItemProxy;
			containerPortal = 80C4166E2DC9430100BA145B /* Project object */;
			proxyType = 1;
			remoteGlobalIDString = 80C416752DC9430100BA145B;
			remoteInfo = ChefDelivery;
		};
		80C416912DC9430300BA145B /* PBXContainerItemProxy */ = {
			isa = PBXContainerItemProxy;
			containerPortal = 80C4166E2DC9430100BA145B /* Project object */;
			proxyType = 1;
			remoteGlobalIDString = 80C416752DC9430100BA145B;
			remoteInfo = ChefDelivery;
		};
/* End PBXContainerItemProxy section */

/* Begin PBXFileReference section */
		801B83A12DDA58E30009F2DB /* CarouselItemView.swift */ = {isa = PBXFileReference; lastKnownFileType = sourcecode.swift; path = CarouselItemView.swift; sourceTree = "<group>"; };
		801B83A32DDA5A440009F2DB /* CarouselTabView.swift */ = {isa = PBXFileReference; lastKnownFileType = sourcecode.swift; path = CarouselTabView.swift; sourceTree = "<group>"; };
		801B83A62DDA5E390009F2DB /* StoreItemView.swift */ = {isa = PBXFileReference; lastKnownFileType = sourcecode.swift; path = StoreItemView.swift; sourceTree = "<group>"; };
		801B83A82DDA5FD50009F2DB /* StoresContainerView.swift */ = {isa = PBXFileReference; lastKnownFileType = sourcecode.swift; path = StoresContainerView.swift; sourceTree = "<group>"; };
		80C416762DC9430100BA145B /* ChefDelivery.app */ = {isa = PBXFileReference; explicitFileType = wrapper.application; includeInIndex = 0; path = ChefDelivery.app; sourceTree = BUILT_PRODUCTS_DIR; };
		80C416792DC9430100BA145B /* ChefDeliveryApp.swift */ = {isa = PBXFileReference; lastKnownFileType = sourcecode.swift; path = ChefDeliveryApp.swift; sourceTree = "<group>"; };
		80C4167B2DC9430100BA145B /* ContentView.swift */ = {isa = PBXFileReference; lastKnownFileType = sourcecode.swift; path = ContentView.swift; sourceTree = "<group>"; };
		80C4167D2DC9430300BA145B /* Assets.xcassets */ = {isa = PBXFileReference; lastKnownFileType = folder.assetcatalog; path = Assets.xcassets; sourceTree = "<group>"; };
		80C416802DC9430300BA145B /* Preview Assets.xcassets */ = {isa = PBXFileReference; lastKnownFileType = folder.assetcatalog; path = "Preview Assets.xcassets"; sourceTree = "<group>"; };
		80C416862DC9430300BA145B /* ChefDeliveryTests.xctest */ = {isa = PBXFileReference; explicitFileType = wrapper.cfbundle; includeInIndex = 0; path = ChefDeliveryTests.xctest; sourceTree = BUILT_PRODUCTS_DIR; };
		80C4168A2DC9430300BA145B /* ChefDeliveryTests.swift */ = {isa = PBXFileReference; lastKnownFileType = sourcecode.swift; path = ChefDeliveryTests.swift; sourceTree = "<group>"; };
		80C416902DC9430300BA145B /* ChefDeliveryUITests.xctest */ = {isa = PBXFileReference; explicitFileType = wrapper.cfbundle; includeInIndex = 0; path = ChefDeliveryUITests.xctest; sourceTree = BUILT_PRODUCTS_DIR; };
		80C416942DC9430300BA145B /* ChefDeliveryUITests.swift */ = {isa = PBXFileReference; lastKnownFileType = sourcecode.swift; path = ChefDeliveryUITests.swift; sourceTree = "<group>"; };
		80C416962DC9430300BA145B /* ChefDeliveryUITestsLaunchTests.swift */ = {isa = PBXFileReference; lastKnownFileType = sourcecode.swift; path = ChefDeliveryUITestsLaunchTests.swift; sourceTree = "<group>"; };
		80C416A52DC9466F00BA145B /* NavigationBar.swift */ = {isa = PBXFileReference; lastKnownFileType = sourcecode.swift; path = NavigationBar.swift; sourceTree = "<group>"; };
		80C416A82DC952AA00BA145B /* OrderTypeGridView.swift */ = {isa = PBXFileReference; lastKnownFileType = sourcecode.swift; path = OrderTypeGridView.swift; sourceTree = "<group>"; };
		80C416AB2DCAE86F00BA145B /* OrderType.swift */ = {isa = PBXFileReference; lastKnownFileType = sourcecode.swift; path = OrderType.swift; sourceTree = "<group>"; };
		80C416AD2DCAE8E200BA145B /* DataSourceMock.swift */ = {isa = PBXFileReference; lastKnownFileType = sourcecode.swift; path = DataSourceMock.swift; sourceTree = "<group>"; };
		80C416AF2DCAF3A700BA145B /* OrderTypeView.swift */ = {isa = PBXFileReference; lastKnownFileType = sourcecode.swift; path = OrderTypeView.swift; sourceTree = "<group>"; };
/* End PBXFileReference section */

/* Begin PBXFrameworksBuildPhase section */
		80C416732DC9430100BA145B /* Frameworks */ = {
			isa = PBXFrameworksBuildPhase;
			buildActionMask = 2147483647;
			files = (
			);
			runOnlyForDeploymentPostprocessing = 0;
		};
		80C416832DC9430300BA145B /* Frameworks */ = {
			isa = PBXFrameworksBuildPhase;
			buildActionMask = 2147483647;
			files = (
			);
			runOnlyForDeploymentPostprocessing = 0;
		};
		80C4168D2DC9430300BA145B /* Frameworks */ = {
			isa = PBXFrameworksBuildPhase;
			buildActionMask = 2147483647;
			files = (
			);
			runOnlyForDeploymentPostprocessing = 0;
		};
/* End PBXFrameworksBuildPhase section */

/* Begin PBXGroup section */
		801B83A02DDA57400009F2DB /* Carousel */ = {
			isa = PBXGroup;
			children = (
				801B83A12DDA58E30009F2DB /* CarouselItemView.swift */,
				801B83A32DDA5A440009F2DB /* CarouselTabView.swift */,
			);
			path = Carousel;
			sourceTree = "<group>";
		};
		801B83A52DDA5E160009F2DB /* StoresView */ = {
			isa = PBXGroup;
			children = (
				801B83A62DDA5E390009F2DB /* StoreItemView.swift */,
				801B83A82DDA5FD50009F2DB /* StoresContainerView.swift */,
			);
			path = StoresView;
			sourceTree = "<group>";
		};
		80C4166D2DC9430100BA145B = {
			isa = PBXGroup;
			children = (
				80C416782DC9430100BA145B /* ChefDelivery */,
				80C416892DC9430300BA145B /* ChefDeliveryTests */,
				80C416932DC9430300BA145B /* ChefDeliveryUITests */,
				80C416772DC9430100BA145B /* Products */,
			);
			sourceTree = "<group>";
		};
		80C416772DC9430100BA145B /* Products */ = {
			isa = PBXGroup;
			children = (
				80C416762DC9430100BA145B /* ChefDelivery.app */,
				80C416862DC9430300BA145B /* ChefDeliveryTests.xctest */,
				80C416902DC9430300BA145B /* ChefDeliveryUITests.xctest */,
			);
			name = Products;
			sourceTree = "<group>";
		};
		80C416782DC9430100BA145B /* ChefDelivery */ = {
			isa = PBXGroup;
			children = (
				80C416A32DC9462200BA145B /* App */,
				80C416AA2DCAE85300BA145B /* Model */,
				80C416A42DC9463300BA145B /* NavigatonBar */,
				80C416A72DC9527400BA145B /* GridView */,
				801B83A02DDA57400009F2DB /* Carousel */,
				801B83A52DDA5E160009F2DB /* StoresView */,
				80C4167D2DC9430300BA145B /* Assets.xcassets */,
				80C4167F2DC9430300BA145B /* Preview Content */,
			);
			path = ChefDelivery;
			sourceTree = "<group>";
		};
		80C4167F2DC9430300BA145B /* Preview Content */ = {
			isa = PBXGroup;
			children = (
				80C416802DC9430300BA145B /* Preview Assets.xcassets */,
			);
			path = "Preview Content";
			sourceTree = "<group>";
		};
		80C416892DC9430300BA145B /* ChefDeliveryTests */ = {
			isa = PBXGroup;
			children = (
				80C4168A2DC9430300BA145B /* ChefDeliveryTests.swift */,
			);
			path = ChefDeliveryTests;
			sourceTree = "<group>";
		};
		80C416932DC9430300BA145B /* ChefDeliveryUITests */ = {
			isa = PBXGroup;
			children = (
				80C416942DC9430300BA145B /* ChefDeliveryUITests.swift */,
				80C416962DC9430300BA145B /* ChefDeliveryUITestsLaunchTests.swift */,
			);
			path = ChefDeliveryUITests;
			sourceTree = "<group>";
		};
		80C416A32DC9462200BA145B /* App */ = {
			isa = PBXGroup;
			children = (
				80C416792DC9430100BA145B /* ChefDeliveryApp.swift */,
				80C4167B2DC9430100BA145B /* ContentView.swift */,
			);
			path = App;
			sourceTree = "<group>";
		};
		80C416A42DC9463300BA145B /* NavigatonBar */ = {
			isa = PBXGroup;
			children = (
				80C416A52DC9466F00BA145B /* NavigationBar.swift */,
			);
			path = NavigatonBar;
			sourceTree = "<group>";
		};
		80C416A72DC9527400BA145B /* GridView */ = {
			isa = PBXGroup;
			children = (
				80C416A82DC952AA00BA145B /* OrderTypeGridView.swift */,
				80C416AF2DCAF3A700BA145B /* OrderTypeView.swift */,
			);
			path = GridView;
			sourceTree = "<group>";
		};
		80C416AA2DCAE85300BA145B /* Model */ = {
			isa = PBXGroup;
			children = (
				80C416AB2DCAE86F00BA145B /* OrderType.swift */,
				80C416AD2DCAE8E200BA145B /* DataSourceMock.swift */,
			);
			path = Model;
			sourceTree = "<group>";
		};
/* End PBXGroup section */

/* Begin PBXNativeTarget section */
		80C416752DC9430100BA145B /* ChefDelivery */ = {
			isa = PBXNativeTarget;
			buildConfigurationList = 80C4169A2DC9430300BA145B /* Build configuration list for PBXNativeTarget "ChefDelivery" */;
			buildPhases = (
				80C416722DC9430100BA145B /* Sources */,
				80C416732DC9430100BA145B /* Frameworks */,
				80C416742DC9430100BA145B /* Resources */,
			);
			buildRules = (
			);
			dependencies = (
			);
			name = ChefDelivery;
			productName = ChefDelivery;
			productReference = 80C416762DC9430100BA145B /* ChefDelivery.app */;
			productType = "com.apple.product-type.application";
		};
		80C416852DC9430300BA145B /* ChefDeliveryTests */ = {
			isa = PBXNativeTarget;
			buildConfigurationList = 80C4169D2DC9430300BA145B /* Build configuration list for PBXNativeTarget "ChefDeliveryTests" */;
			buildPhases = (
				80C416822DC9430300BA145B /* Sources */,
				80C416832DC9430300BA145B /* Frameworks */,
				80C416842DC9430300BA145B /* Resources */,
			);
			buildRules = (
			);
			dependencies = (
				80C416882DC9430300BA145B /* PBXTargetDependency */,
			);
			name = ChefDeliveryTests;
			productName = ChefDeliveryTests;
			productReference = 80C416862DC9430300BA145B /* ChefDeliveryTests.xctest */;
			productType = "com.apple.product-type.bundle.unit-test";
		};
		80C4168F2DC9430300BA145B /* ChefDeliveryUITests */ = {
			isa = PBXNativeTarget;
			buildConfigurationList = 80C416A02DC9430300BA145B /* Build configuration list for PBXNativeTarget "ChefDeliveryUITests" */;
			buildPhases = (
				80C4168C2DC9430300BA145B /* Sources */,
				80C4168D2DC9430300BA145B /* Frameworks */,
				80C4168E2DC9430300BA145B /* Resources */,
			);
			buildRules = (
			);
			dependencies = (
				80C416922DC9430300BA145B /* PBXTargetDependency */,
			);
			name = ChefDeliveryUITests;
			productName = ChefDeliveryUITests;
			productReference = 80C416902DC9430300BA145B /* ChefDeliveryUITests.xctest */;
			productType = "com.apple.product-type.bundle.ui-testing";
		};
/* End PBXNativeTarget section */

/* Begin PBXProject section */
		80C4166E2DC9430100BA145B /* Project object */ = {
			isa = PBXProject;
			attributes = {
				BuildIndependentTargetsInParallel = 1;
				LastSwiftUpdateCheck = 1540;
				LastUpgradeCheck = 1540;
				TargetAttributes = {
					80C416752DC9430100BA145B = {
						CreatedOnToolsVersion = 15.4;
					};
					80C416852DC9430300BA145B = {
						CreatedOnToolsVersion = 15.4;
						TestTargetID = 80C416752DC9430100BA145B;
					};
					80C4168F2DC9430300BA145B = {
						CreatedOnToolsVersion = 15.4;
						TestTargetID = 80C416752DC9430100BA145B;
					};
				};
			};
			buildConfigurationList = 80C416712DC9430100BA145B /* Build configuration list for PBXProject "ChefDelivery" */;
			compatibilityVersion = "Xcode 14.0";
			developmentRegion = en;
			hasScannedForEncodings = 0;
			knownRegions = (
				en,
				Base,
			);
			mainGroup = 80C4166D2DC9430100BA145B;
			productRefGroup = 80C416772DC9430100BA145B /* Products */;
			projectDirPath = "";
			projectRoot = "";
			targets = (
				80C416752DC9430100BA145B /* ChefDelivery */,
				80C416852DC9430300BA145B /* ChefDeliveryTests */,
				80C4168F2DC9430300BA145B /* ChefDeliveryUITests */,
			);
		};
/* End PBXProject section */

/* Begin PBXResourcesBuildPhase section */
		80C416742DC9430100BA145B /* Resources */ = {
			isa = PBXResourcesBuildPhase;
			buildActionMask = 2147483647;
			files = (
				80C416812DC9430300BA145B /* Preview Assets.xcassets in Resources */,
				80C4167E2DC9430300BA145B /* Assets.xcassets in Resources */,
			);
			runOnlyForDeploymentPostprocessing = 0;
		};
		80C416842DC9430300BA145B /* Resources */ = {
			isa = PBXResourcesBuildPhase;
			buildActionMask = 2147483647;
			files = (
			);
			runOnlyForDeploymentPostprocessing = 0;
		};
		80C4168E2DC9430300BA145B /* Resources */ = {
			isa = PBXResourcesBuildPhase;
			buildActionMask = 2147483647;
			files = (
			);
			runOnlyForDeploymentPostprocessing = 0;
		};
/* End PBXResourcesBuildPhase section */

/* Begin PBXSourcesBuildPhase section */
		80C416722DC9430100BA145B /* Sources */ = {
			isa = PBXSourcesBuildPhase;
			buildActionMask = 2147483647;
			files = (
				80C416AC2DCAE86F00BA145B /* OrderType.swift in Sources */,
				801B83A22DDA58E30009F2DB /* CarouselItemView.swift in Sources */,
				80C4167C2DC9430100BA145B /* ContentView.swift in Sources */,
				80C416AE2DCAE8E200BA145B /* DataSourceMock.swift in Sources */,
				801B83A92DDA5FD50009F2DB /* StoresContainerView.swift in Sources */,
				80C416B02DCAF3A700BA145B /* OrderTypeView.swift in Sources */,
				801B83A72DDA5E390009F2DB /* StoreItemView.swift in Sources */,
				80C416A92DC952AA00BA145B /* OrderTypeGridView.swift in Sources */,
				80C4167A2DC9430100BA145B /* ChefDeliveryApp.swift in Sources */,
				80C416A62DC9466F00BA145B /* NavigationBar.swift in Sources */,
				801B83A42DDA5A440009F2DB /* CarouselTabView.swift in Sources */,
			);
			runOnlyForDeploymentPostprocessing = 0;
		};
		80C416822DC9430300BA145B /* Sources */ = {
			isa = PBXSourcesBuildPhase;
			buildActionMask = 2147483647;
			files = (
				80C4168B2DC9430300BA145B /* ChefDeliveryTests.swift in Sources */,
			);
			runOnlyForDeploymentPostprocessing = 0;
		};
		80C4168C2DC9430300BA145B /* Sources */ = {
			isa = PBXSourcesBuildPhase;
			buildActionMask = 2147483647;
			files = (
				80C416972DC9430300BA145B /* ChefDeliveryUITestsLaunchTests.swift in Sources */,
				80C416952DC9430300BA145B /* ChefDeliveryUITests.swift in Sources */,
			);
			runOnlyForDeploymentPostprocessing = 0;
		};
/* End PBXSourcesBuildPhase section */

/* Begin PBXTargetDependency section */
		80C416882DC9430300BA145B /* PBXTargetDependency */ = {
			isa = PBXTargetDependency;
			target = 80C416752DC9430100BA145B /* ChefDelivery */;
			targetProxy = 80C416872DC9430300BA145B /* PBXContainerItemProxy */;
		};
		80C416922DC9430300BA145B /* PBXTargetDependency */ = {
			isa = PBXTargetDependency;
			target = 80C416752DC9430100BA145B /* ChefDelivery */;
			targetProxy = 80C416912DC9430300BA145B /* PBXContainerItemProxy */;
		};
/* End PBXTargetDependency section */

/* Begin XCBuildConfiguration section */
		80C416982DC9430300BA145B /* Debug */ = {
			isa = XCBuildConfiguration;
			buildSettings = {
				ALWAYS_SEARCH_USER_PATHS = NO;
				ASSETCATALOG_COMPILER_GENERATE_SWIFT_ASSET_SYMBOL_EXTENSIONS = YES;
				CLANG_ANALYZER_NONNULL = YES;
				CLANG_ANALYZER_NUMBER_OBJECT_CONVERSION = YES_AGGRESSIVE;
				CLANG_CXX_LANGUAGE_STANDARD = "gnu++20";
				CLANG_ENABLE_MODULES = YES;
				CLANG_ENABLE_OBJC_ARC = YES;
				CLANG_ENABLE_OBJC_WEAK = YES;
				CLANG_WARN_BLOCK_CAPTURE_AUTORELEASING = YES;
				CLANG_WARN_BOOL_CONVERSION = YES;
				CLANG_WARN_COMMA = YES;
				CLANG_WARN_CONSTANT_CONVERSION = YES;
				CLANG_WARN_DEPRECATED_OBJC_IMPLEMENTATIONS = YES;
				CLANG_WARN_DIRECT_OBJC_ISA_USAGE = YES_ERROR;
				CLANG_WARN_DOCUMENTATION_COMMENTS = YES;
				CLANG_WARN_EMPTY_BODY = YES;
				CLANG_WARN_ENUM_CONVERSION = YES;
				CLANG_WARN_INFINITE_RECURSION = YES;
				CLANG_WARN_INT_CONVERSION = YES;
				CLANG_WARN_NON_LITERAL_NULL_CONVERSION = YES;
				CLANG_WARN_OBJC_IMPLICIT_RETAIN_SELF = YES;
				CLANG_WARN_OBJC_LITERAL_CONVERSION = YES;
				CLANG_WARN_OBJC_ROOT_CLASS = YES_ERROR;
				CLANG_WARN_QUOTED_INCLUDE_IN_FRAMEWORK_HEADER = YES;
				CLANG_WARN_RANGE_LOOP_ANALYSIS = YES;
				CLANG_WARN_STRICT_PROTOTYPES = YES;
				CLANG_WARN_SUSPICIOUS_MOVE = YES;
				CLANG_WARN_UNGUARDED_AVAILABILITY = YES_AGGRESSIVE;
				CLANG_WARN_UNREACHABLE_CODE = YES;
				CLANG_WARN__DUPLICATE_METHOD_MATCH = YES;
				COPY_PHASE_STRIP = NO;
				DEBUG_INFORMATION_FORMAT = dwarf;
				ENABLE_STRICT_OBJC_MSGSEND = YES;
				ENABLE_TESTABILITY = YES;
				ENABLE_USER_SCRIPT_SANDBOXING = YES;
				GCC_C_LANGUAGE_STANDARD = gnu17;
				GCC_DYNAMIC_NO_PIC = NO;
				GCC_NO_COMMON_BLOCKS = YES;
				GCC_OPTIMIZATION_LEVEL = 0;
				GCC_PREPROCESSOR_DEFINITIONS = (
					"DEBUG=1",
					"$(inherited)",
				);
				GCC_WARN_64_TO_32_BIT_CONVERSION = YES;
				GCC_WARN_ABOUT_RETURN_TYPE = YES_ERROR;
				GCC_WARN_UNDECLARED_SELECTOR = YES;
				GCC_WARN_UNINITIALIZED_AUTOS = YES_AGGRESSIVE;
				GCC_WARN_UNUSED_FUNCTION = YES;
				GCC_WARN_UNUSED_VARIABLE = YES;
				IPHONEOS_DEPLOYMENT_TARGET = 17.5;
				LOCALIZATION_PREFERS_STRING_CATALOGS = YES;
				MTL_ENABLE_DEBUG_INFO = INCLUDE_SOURCE;
				MTL_FAST_MATH = YES;
				ONLY_ACTIVE_ARCH = YES;
				SDKROOT = iphoneos;
				SWIFT_ACTIVE_COMPILATION_CONDITIONS = "DEBUG $(inherited)";
				SWIFT_OPTIMIZATION_LEVEL = "-Onone";
			};
			name = Debug;
		};
		80C416992DC9430300BA145B /* Release */ = {
			isa = XCBuildConfiguration;
			buildSettings = {
				ALWAYS_SEARCH_USER_PATHS = NO;
				ASSETCATALOG_COMPILER_GENERATE_SWIFT_ASSET_SYMBOL_EXTENSIONS = YES;
				CLANG_ANALYZER_NONNULL = YES;
				CLANG_ANALYZER_NUMBER_OBJECT_CONVERSION = YES_AGGRESSIVE;
				CLANG_CXX_LANGUAGE_STANDARD = "gnu++20";
				CLANG_ENABLE_MODULES = YES;
				CLANG_ENABLE_OBJC_ARC = YES;
				CLANG_ENABLE_OBJC_WEAK = YES;
				CLANG_WARN_BLOCK_CAPTURE_AUTORELEASING = YES;
				CLANG_WARN_BOOL_CONVERSION = YES;
				CLANG_WARN_COMMA = YES;
				CLANG_WARN_CONSTANT_CONVERSION = YES;
				CLANG_WARN_DEPRECATED_OBJC_IMPLEMENTATIONS = YES;
				CLANG_WARN_DIRECT_OBJC_ISA_USAGE = YES_ERROR;
				CLANG_WARN_DOCUMENTATION_COMMENTS = YES;
				CLANG_WARN_EMPTY_BODY = YES;
				CLANG_WARN_ENUM_CONVERSION = YES;
				CLANG_WARN_INFINITE_RECURSION = YES;
				CLANG_WARN_INT_CONVERSION = YES;
				CLANG_WARN_NON_LITERAL_NULL_CONVERSION = YES;
				CLANG_WARN_OBJC_IMPLICIT_RETAIN_SELF = YES;
				CLANG_WARN_OBJC_LITERAL_CONVERSION = YES;
				CLANG_WARN_OBJC_ROOT_CLASS = YES_ERROR;
				CLANG_WARN_QUOTED_INCLUDE_IN_FRAMEWORK_HEADER = YES;
				CLANG_WARN_RANGE_LOOP_ANALYSIS = YES;
				CLANG_WARN_STRICT_PROTOTYPES = YES;
				CLANG_WARN_SUSPICIOUS_MOVE = YES;
				CLANG_WARN_UNGUARDED_AVAILABILITY = YES_AGGRESSIVE;
				CLANG_WARN_UNREACHABLE_CODE = YES;
				CLANG_WARN__DUPLICATE_METHOD_MATCH = YES;
				COPY_PHASE_STRIP = NO;
				DEBUG_INFORMATION_FORMAT = "dwarf-with-dsym";
				ENABLE_NS_ASSERTIONS = NO;
				ENABLE_STRICT_OBJC_MSGSEND = YES;
				ENABLE_USER_SCRIPT_SANDBOXING = YES;
				GCC_C_LANGUAGE_STANDARD = gnu17;
				GCC_NO_COMMON_BLOCKS = YES;
				GCC_WARN_64_TO_32_BIT_CONVERSION = YES;
				GCC_WARN_ABOUT_RETURN_TYPE = YES_ERROR;
				GCC_WARN_UNDECLARED_SELECTOR = YES;
				GCC_WARN_UNINITIALIZED_AUTOS = YES_AGGRESSIVE;
				GCC_WARN_UNUSED_FUNCTION = YES;
				GCC_WARN_UNUSED_VARIABLE = YES;
				IPHONEOS_DEPLOYMENT_TARGET = 17.5;
				LOCALIZATION_PREFERS_STRING_CATALOGS = YES;
				MTL_ENABLE_DEBUG_INFO = NO;
				MTL_FAST_MATH = YES;
				SDKROOT = iphoneos;
				SWIFT_COMPILATION_MODE = wholemodule;
				VALIDATE_PRODUCT = YES;
			};
			name = Release;
		};
		80C4169B2DC9430300BA145B /* Debug */ = {
			isa = XCBuildConfiguration;
			buildSettings = {
				ASSETCATALOG_COMPILER_APPICON_NAME = AppIcon;
				ASSETCATALOG_COMPILER_GLOBAL_ACCENT_COLOR_NAME = AccentColor;
				CODE_SIGN_STYLE = Automatic;
				CURRENT_PROJECT_VERSION = 1;
				DEVELOPMENT_ASSET_PATHS = "\"ChefDelivery/Preview Content\"";
				DEVELOPMENT_TEAM = 2P72WUU46Z;
				ENABLE_PREVIEWS = YES;
				GENERATE_INFOPLIST_FILE = YES;
				INFOPLIST_KEY_UIApplicationSceneManifest_Generation = YES;
				INFOPLIST_KEY_UIApplicationSupportsIndirectInputEvents = YES;
				INFOPLIST_KEY_UILaunchScreen_Generation = YES;
				INFOPLIST_KEY_UISupportedInterfaceOrientations_iPad = "UIInterfaceOrientationPortrait UIInterfaceOrientationPortraitUpsideDown UIInterfaceOrientationLandscapeLeft UIInterfaceOrientationLandscapeRight";
				INFOPLIST_KEY_UISupportedInterfaceOrientations_iPhone = "UIInterfaceOrientationPortrait UIInterfaceOrientationLandscapeLeft UIInterfaceOrientationLandscapeRight";
				LD_RUNPATH_SEARCH_PATHS = (
					"$(inherited)",
					"@executable_path/Frameworks",
				);
				MARKETING_VERSION = 1.0;
				PRODUCT_BUNDLE_IDENTIFIER = gilmarJr.ChefDelivery;
				PRODUCT_NAME = "$(TARGET_NAME)";
				SWIFT_EMIT_LOC_STRINGS = YES;
				SWIFT_VERSION = 5.0;
				TARGETED_DEVICE_FAMILY = "1,2";
			};
			name = Debug;
		};
		80C4169C2DC9430300BA145B /* Release */ = {
			isa = XCBuildConfiguration;
			buildSettings = {
				ASSETCATALOG_COMPILER_APPICON_NAME = AppIcon;
				ASSETCATALOG_COMPILER_GLOBAL_ACCENT_COLOR_NAME = AccentColor;
				CODE_SIGN_STYLE = Automatic;
				CURRENT_PROJECT_VERSION = 1;
				DEVELOPMENT_ASSET_PATHS = "\"ChefDelivery/Preview Content\"";
				DEVELOPMENT_TEAM = 2P72WUU46Z;
				ENABLE_PREVIEWS = YES;
				GENERATE_INFOPLIST_FILE = YES;
				INFOPLIST_KEY_UIApplicationSceneManifest_Generation = YES;
				INFOPLIST_KEY_UIApplicationSupportsIndirectInputEvents = YES;
				INFOPLIST_KEY_UILaunchScreen_Generation = YES;
				INFOPLIST_KEY_UISupportedInterfaceOrientations_iPad = "UIInterfaceOrientationPortrait UIInterfaceOrientationPortraitUpsideDown UIInterfaceOrientationLandscapeLeft UIInterfaceOrientationLandscapeRight";
				INFOPLIST_KEY_UISupportedInterfaceOrientations_iPhone = "UIInterfaceOrientationPortrait UIInterfaceOrientationLandscapeLeft UIInterfaceOrientationLandscapeRight";
				LD_RUNPATH_SEARCH_PATHS = (
					"$(inherited)",
					"@executable_path/Frameworks",
				);
				MARKETING_VERSION = 1.0;
				PRODUCT_BUNDLE_IDENTIFIER = gilmarJr.ChefDelivery;
				PRODUCT_NAME = "$(TARGET_NAME)";
				SWIFT_EMIT_LOC_STRINGS = YES;
				SWIFT_VERSION = 5.0;
				TARGETED_DEVICE_FAMILY = "1,2";
			};
			name = Release;
		};
		80C4169E2DC9430300BA145B /* Debug */ = {
			isa = XCBuildConfiguration;
			buildSettings = {
				ALWAYS_EMBED_SWIFT_STANDARD_LIBRARIES = YES;
				BUNDLE_LOADER = "$(TEST_HOST)";
				CODE_SIGN_STYLE = Automatic;
				CURRENT_PROJECT_VERSION = 1;
				DEVELOPMENT_TEAM = 2P72WUU46Z;
				GENERATE_INFOPLIST_FILE = YES;
				IPHONEOS_DEPLOYMENT_TARGET = 17.5;
				MARKETING_VERSION = 1.0;
				PRODUCT_BUNDLE_IDENTIFIER = gilmarJr.ChefDeliveryTests;
				PRODUCT_NAME = "$(TARGET_NAME)";
				SWIFT_EMIT_LOC_STRINGS = NO;
				SWIFT_VERSION = 5.0;
				TARGETED_DEVICE_FAMILY = "1,2";
				TEST_HOST = "$(BUILT_PRODUCTS_DIR)/ChefDelivery.app/$(BUNDLE_EXECUTABLE_FOLDER_PATH)/ChefDelivery";
			};
			name = Debug;
		};
		80C4169F2DC9430300BA145B /* Release */ = {
			isa = XCBuildConfiguration;
			buildSettings = {
				ALWAYS_EMBED_SWIFT_STANDARD_LIBRARIES = YES;
				BUNDLE_LOADER = "$(TEST_HOST)";
				CODE_SIGN_STYLE = Automatic;
				CURRENT_PROJECT_VERSION = 1;
				DEVELOPMENT_TEAM = 2P72WUU46Z;
				GENERATE_INFOPLIST_FILE = YES;
				IPHONEOS_DEPLOYMENT_TARGET = 17.5;
				MARKETING_VERSION = 1.0;
				PRODUCT_BUNDLE_IDENTIFIER = gilmarJr.ChefDeliveryTests;
				PRODUCT_NAME = "$(TARGET_NAME)";
				SWIFT_EMIT_LOC_STRINGS = NO;
				SWIFT_VERSION = 5.0;
				TARGETED_DEVICE_FAMILY = "1,2";
				TEST_HOST = "$(BUILT_PRODUCTS_DIR)/ChefDelivery.app/$(BUNDLE_EXECUTABLE_FOLDER_PATH)/ChefDelivery";
			};
			name = Release;
		};
		80C416A12DC9430300BA145B /* Debug */ = {
			isa = XCBuildConfiguration;
			buildSettings = {
				ALWAYS_EMBED_SWIFT_STANDARD_LIBRARIES = YES;
				CODE_SIGN_STYLE = Automatic;
				CURRENT_PROJECT_VERSION = 1;
				DEVELOPMENT_TEAM = 2P72WUU46Z;
				GENERATE_INFOPLIST_FILE = YES;
				MARKETING_VERSION = 1.0;
				PRODUCT_BUNDLE_IDENTIFIER = gilmarJr.ChefDeliveryUITests;
				PRODUCT_NAME = "$(TARGET_NAME)";
				SWIFT_EMIT_LOC_STRINGS = NO;
				SWIFT_VERSION = 5.0;
				TARGETED_DEVICE_FAMILY = "1,2";
				TEST_TARGET_NAME = ChefDelivery;
			};
			name = Debug;
		};
		80C416A22DC9430300BA145B /* Release */ = {
			isa = XCBuildConfiguration;
			buildSettings = {
				ALWAYS_EMBED_SWIFT_STANDARD_LIBRARIES = YES;
				CODE_SIGN_STYLE = Automatic;
				CURRENT_PROJECT_VERSION = 1;
				DEVELOPMENT_TEAM = 2P72WUU46Z;
				GENERATE_INFOPLIST_FILE = YES;
				MARKETING_VERSION = 1.0;
				PRODUCT_BUNDLE_IDENTIFIER = gilmarJr.ChefDeliveryUITests;
				PRODUCT_NAME = "$(TARGET_NAME)";
				SWIFT_EMIT_LOC_STRINGS = NO;
				SWIFT_VERSION = 5.0;
				TARGETED_DEVICE_FAMILY = "1,2";
				TEST_TARGET_NAME = ChefDelivery;
			};
			name = Release;
		};
/* End XCBuildConfiguration section */

/* Begin XCConfigurationList section */
		80C416712DC9430100BA145B /* Build configuration list for PBXProject "ChefDelivery" */ = {
			isa = XCConfigurationList;
			buildConfigurations = (
				80C416982DC9430300BA145B /* Debug */,
				80C416992DC9430300BA145B /* Release */,
			);
			defaultConfigurationIsVisible = 0;
			defaultConfigurationName = Release;
		};
		80C4169A2DC9430300BA145B /* Build configuration list for PBXNativeTarget "ChefDelivery" */ = {
			isa = XCConfigurationList;
			buildConfigurations = (
				80C4169B2DC9430300BA145B /* Debug */,
				80C4169C2DC9430300BA145B /* Release */,
			);
			defaultConfigurationIsVisible = 0;
			defaultConfigurationName = Release;
		};
		80C4169D2DC9430300BA145B /* Build configuration list for PBXNativeTarget "ChefDeliveryTests" */ = {
			isa = XCConfigurationList;
			buildConfigurations = (
				80C4169E2DC9430300BA145B /* Debug */,
				80C4169F2DC9430300BA145B /* Release */,
			);
			defaultConfigurationIsVisible = 0;
			defaultConfigurationName = Release;
		};
		80C416A02DC9430300BA145B /* Build configuration list for PBXNativeTarget "ChefDeliveryUITests" */ = {
			isa = XCConfigurationList;
			buildConfigurations = (
				80C416A12DC9430300BA145B /* Debug */,
				80C416A22DC9430300BA145B /* Release */,
			);
			defaultConfigurationIsVisible = 0;
			defaultConfigurationName = Release;
		};
/* End XCConfigurationList section */
	};
	rootObject = 80C4166E2DC9430100BA145B /* Project object */;
}
